PODS:
  - ExtensibleEnumeratedName (1.0.3)
  - WolfConcurrency (1.1.2):
    - WolfFoundation
    - WolfLog
    - WolfNumerics
  - WolfFoundation (2.0.0):
    - WolfNumerics
    - WolfPipe
  - WolfLocale (1.0.2):
    - ExtensibleEnumeratedName
    - WolfLog
    - WolfStrings
  - WolfLog (1.0.2):
    - ExtensibleEnumeratedName
    - WolfNumerics
    - WolfStrings
  - WolfNumerics (2.0.3)
  - WolfPipe (1.0.7)
  - WolfStrings (1.1):
    - ExtensibleEnumeratedName
    - WolfNumerics
    - WolfPipe
  - WolfValidation (1.0.1):
    - WolfConcurrency
    - WolfFoundation
    - WolfLocale
    - WolfStrings

DEPENDENCIES:
  - WolfValidation (from `../`)

SPEC REPOS:
  https://github.com/cocoapods/specs.git:
    - ExtensibleEnumeratedName
    - WolfConcurrency
    - WolfFoundation
    - WolfLocale
    - WolfLog
    - WolfNumerics
    - WolfPipe
    - WolfStrings

EXTERNAL SOURCES:
  WolfValidation:
    :path: "../"

SPEC CHECKSUMS:
  ExtensibleEnumeratedName: c6caeb662f79105e7229a613f9043e8a7e15e642
  WolfConcurrency: 47b03b9c2e35dc663b56970777a2b7368821a412
  WolfFoundation: 667429024146bfa45f76899aea3eea1398ff9581
  WolfLocale: cc7921bc5d24c5e792603e7732c476385f969176
  WolfLog: 6329a08de6c099ca6ccea857127d9df2f74dfea3
  WolfNumerics: 662ffe98065f811bd8ef5e9d27a5dcc0c321beb3
  WolfPipe: 1a2cbb23efb14833647a2adcc034468bf82a289e
  WolfStrings: 4d4a57c861a0d0c47d39d506131615d5b058373f
  WolfValidation: 98de1a30cf82dd799ece06516e6850209b124220

PODFILE CHECKSUM: 55cb08fbb259e12d81e1645aa90a7aadb31c446a

COCOAPODS: 1.6.0.beta.2
